// !$*UTF8*$!
{
	archiveVersion = 1;
	classes = {
	};
	objectVersion = 46;
	objects = {

/* Begin PBXBuildFile section */
		4D3ECC68CB07FCD9C50A193E /* Pods_My_S2_GameTests.framework in Frameworks */ = {isa = PBXBuildFile; fileRef = C4E227B22F94172BE5326D4C /* Pods_My_S2_GameTests.framework */; };
		5B07F62F1FAF74EC00C5DABC /* AppDelegate.swift in Sources */ = {isa = PBXBuildFile; fileRef = 5B07F62E1FAF74EC00C5DABC /* AppDelegate.swift */; };
		5B07F6311FAF74EC00C5DABC /* ViewController.swift in Sources */ = {isa = PBXBuildFile; fileRef = 5B07F6301FAF74EC00C5DABC /* ViewController.swift */; };
		5B07F6341FAF74EC00C5DABC /* Main.storyboard in Resources */ = {isa = PBXBuildFile; fileRef = 5B07F6321FAF74EC00C5DABC /* Main.storyboard */; };
		5B07F6371FAF74EC00C5DABC /* My_S2_Game.xcdatamodeld in Sources */ = {isa = PBXBuildFile; fileRef = 5B07F6351FAF74EC00C5DABC /* My_S2_Game.xcdatamodeld */; };
		5B07F6391FAF74EC00C5DABC /* Assets.xcassets in Resources */ = {isa = PBXBuildFile; fileRef = 5B07F6381FAF74EC00C5DABC /* Assets.xcassets */; };
		5B07F63C1FAF74EC00C5DABC /* LaunchScreen.storyboard in Resources */ = {isa = PBXBuildFile; fileRef = 5B07F63A1FAF74EC00C5DABC /* LaunchScreen.storyboard */; };
		5B07F6471FAF74EC00C5DABC /* My_S2_GameTests.swift in Sources */ = {isa = PBXBuildFile; fileRef = 5B07F6461FAF74EC00C5DABC /* My_S2_GameTests.swift */; };
		5B07F6521FAF74EC00C5DABC /* My_S2_GameUITests.swift in Sources */ = {isa = PBXBuildFile; fileRef = 5B07F6511FAF74EC00C5DABC /* My_S2_GameUITests.swift */; };
		7FF34BA957F02E9E0EE8E19C /* Pods_My_S2_GameUITests.framework in Frameworks */ = {isa = PBXBuildFile; fileRef = A8F5EAE8A8606BDCEA09D4DE /* Pods_My_S2_GameUITests.framework */; };
		CDD0FC316055483ED9AE9F7D /* Pods_My_S2_Game.framework in Frameworks */ = {isa = PBXBuildFile; fileRef = 87618D899B6A33B4B8B70BD9 /* Pods_My_S2_Game.framework */; };
/* End PBXBuildFile section */

/* Begin PBXContainerItemProxy section */
		5B07F6431FAF74EC00C5DABC /* PBXContainerItemProxy */ = {
			isa = PBXContainerItemProxy;
			containerPortal = 5B07F6231FAF74EC00C5DABC /* Project object */;
			proxyType = 1;
			remoteGlobalIDString = 5B07F62A1FAF74EC00C5DABC;
			remoteInfo = "My S2 Game";
		};
		5B07F64E1FAF74EC00C5DABC /* PBXContainerItemProxy */ = {
			isa = PBXContainerItemProxy;
			containerPortal = 5B07F6231FAF74EC00C5DABC /* Project object */;
			proxyType = 1;
			remoteGlobalIDString = 5B07F62A1FAF74EC00C5DABC;
			remoteInfo = "My S2 Game";
		};
/* End PBXContainerItemProxy section */

/* Begin PBXFileReference section */
		0B942112F7D60DE9C87C9CE5 /* Pods-My S2 GameTests.debug.xcconfig */ = {isa = PBXFileReference; includeInIndex = 1; lastKnownFileType = text.xcconfig; name = "Pods-My S2 GameTests.debug.xcconfig"; path = "Pods/Target Support Files/Pods-My S2 GameTests/Pods-My S2 GameTests.debug.xcconfig"; sourceTree = "<group>"; };
		25A7FA45160F9A8DE4E388EE /* Pods-My S2 GameUITests.debug.xcconfig */ = {isa = PBXFileReference; includeInIndex = 1; lastKnownFileType = text.xcconfig; name = "Pods-My S2 GameUITests.debug.xcconfig"; path = "Pods/Target Support Files/Pods-My S2 GameUITests/Pods-My S2 GameUITests.debug.xcconfig"; sourceTree = "<group>"; };
		55AC52571704FAE623A9D932 /* Pods-My S2 GameUITests.release.xcconfig */ = {isa = PBXFileReference; includeInIndex = 1; lastKnownFileType = text.xcconfig; name = "Pods-My S2 GameUITests.release.xcconfig"; path = "Pods/Target Support Files/Pods-My S2 GameUITests/Pods-My S2 GameUITests.release.xcconfig"; sourceTree = "<group>"; };
		5B07F62B1FAF74EC00C5DABC /* My S2 Game.app */ = {isa = PBXFileReference; explicitFileType = wrapper.application; includeInIndex = 0; path = "My S2 Game.app"; sourceTree = BUILT_PRODUCTS_DIR; };
		5B07F62E1FAF74EC00C5DABC /* AppDelegate.swift */ = {isa = PBXFileReference; lastKnownFileType = sourcecode.swift; path = AppDelegate.swift; sourceTree = "<group>"; };
		5B07F6301FAF74EC00C5DABC /* ViewController.swift */ = {isa = PBXFileReference; lastKnownFileType = sourcecode.swift; path = ViewController.swift; sourceTree = "<group>"; };
		5B07F6331FAF74EC00C5DABC /* Base */ = {isa = PBXFileReference; lastKnownFileType = file.storyboard; name = Base; path = Base.lproj/Main.storyboard; sourceTree = "<group>"; };
		5B07F6361FAF74EC00C5DABC /* My_S2_Game.xcdatamodel */ = {isa = PBXFileReference; lastKnownFileType = wrapper.xcdatamodel; path = My_S2_Game.xcdatamodel; sourceTree = "<group>"; };
		5B07F6381FAF74EC00C5DABC /* Assets.xcassets */ = {isa = PBXFileReference; lastKnownFileType = folder.assetcatalog; path = Assets.xcassets; sourceTree = "<group>"; };
		5B07F63B1FAF74EC00C5DABC /* Base */ = {isa = PBXFileReference; lastKnownFileType = file.storyboard; name = Base; path = Base.lproj/LaunchScreen.storyboard; sourceTree = "<group>"; };
		5B07F63D1FAF74EC00C5DABC /* Info.plist */ = {isa = PBXFileReference; lastKnownFileType = text.plist.xml; path = Info.plist; sourceTree = "<group>"; };
		5B07F6421FAF74EC00C5DABC /* My S2 GameTests.xctest */ = {isa = PBXFileReference; explicitFileType = wrapper.cfbundle; includeInIndex = 0; path = "My S2 GameTests.xctest"; sourceTree = BUILT_PRODUCTS_DIR; };
		5B07F6461FAF74EC00C5DABC /* My_S2_GameTests.swift */ = {isa = PBXFileReference; lastKnownFileType = sourcecode.swift; path = My_S2_GameTests.swift; sourceTree = "<group>"; };
		5B07F6481FAF74EC00C5DABC /* Info.plist */ = {isa = PBXFileReference; lastKnownFileType = text.plist.xml; path = Info.plist; sourceTree = "<group>"; };
		5B07F64D1FAF74EC00C5DABC /* My S2 GameUITests.xctest */ = {isa = PBXFileReference; explicitFileType = wrapper.cfbundle; includeInIndex = 0; path = "My S2 GameUITests.xctest"; sourceTree = BUILT_PRODUCTS_DIR; };
		5B07F6511FAF74EC00C5DABC /* My_S2_GameUITests.swift */ = {isa = PBXFileReference; lastKnownFileType = sourcecode.swift; path = My_S2_GameUITests.swift; sourceTree = "<group>"; };
		5B07F6531FAF74EC00C5DABC /* Info.plist */ = {isa = PBXFileReference; lastKnownFileType = text.plist.xml; path = Info.plist; sourceTree = "<group>"; };
		80A31B6C30BCB62A310132E6 /* Pods-My S2 GameTests.release.xcconfig */ = {isa = PBXFileReference; includeInIndex = 1; lastKnownFileType = text.xcconfig; name = "Pods-My S2 GameTests.release.xcconfig"; path = "Pods/Target Support Files/Pods-My S2 GameTests/Pods-My S2 GameTests.release.xcconfig"; sourceTree = "<group>"; };
		87618D899B6A33B4B8B70BD9 /* Pods_My_S2_Game.framework */ = {isa = PBXFileReference; explicitFileType = wrapper.framework; includeInIndex = 0; path = Pods_My_S2_Game.framework; sourceTree = BUILT_PRODUCTS_DIR; };
		A8F5EAE8A8606BDCEA09D4DE /* Pods_My_S2_GameUITests.framework */ = {isa = PBXFileReference; explicitFileType = wrapper.framework; includeInIndex = 0; path = Pods_My_S2_GameUITests.framework; sourceTree = BUILT_PRODUCTS_DIR; };
		C065F1D8556D95CDA6E638BD /* Pods-My S2 Game.debug.xcconfig */ = {isa = PBXFileReference; includeInIndex = 1; lastKnownFileType = text.xcconfig; name = "Pods-My S2 Game.debug.xcconfig"; path = "Pods/Target Support Files/Pods-My S2 Game/Pods-My S2 Game.debug.xcconfig"; sourceTree = "<group>"; };
		C4E227B22F94172BE5326D4C /* Pods_My_S2_GameTests.framework */ = {isa = PBXFileReference; explicitFileType = wrapper.framework; includeInIndex = 0; path = Pods_My_S2_GameTests.framework; sourceTree = BUILT_PRODUCTS_DIR; };
		F6527C6FD5E7EA50FA04C5D4 /* Pods-My S2 Game.release.xcconfig */ = {isa = PBXFileReference; includeInIndex = 1; lastKnownFileType = text.xcconfig; name = "Pods-My S2 Game.release.xcconfig"; path = "Pods/Target Support Files/Pods-My S2 Game/Pods-My S2 Game.release.xcconfig"; sourceTree = "<group>"; };
/* End PBXFileReference section */

/* Begin PBXFrameworksBuildPhase section */
		5B07F6281FAF74EC00C5DABC /* Frameworks */ = {
			isa = PBXFrameworksBuildPhase;
			buildActionMask = 2147483647;
			files = (
				CDD0FC316055483ED9AE9F7D /* Pods_My_S2_Game.framework in Frameworks */,
			);
			runOnlyForDeploymentPostprocessing = 0;
		};
		5B07F63F1FAF74EC00C5DABC /* Frameworks */ = {
			isa = PBXFrameworksBuildPhase;
			buildActionMask = 2147483647;
			files = (
				4D3ECC68CB07FCD9C50A193E /* Pods_My_S2_GameTests.framework in Frameworks */,
			);
			runOnlyForDeploymentPostprocessing = 0;
		};
		5B07F64A1FAF74EC00C5DABC /* Frameworks */ = {
			isa = PBXFrameworksBuildPhase;
			buildActionMask = 2147483647;
			files = (
				7FF34BA957F02E9E0EE8E19C /* Pods_My_S2_GameUITests.framework in Frameworks */,
			);
			runOnlyForDeploymentPostprocessing = 0;
		};
/* End PBXFrameworksBuildPhase section */

/* Begin PBXGroup section */
		2EC29E7253F124C2C5AD511F /* Pods */ = {
			isa = PBXGroup;
			children = (
				C065F1D8556D95CDA6E638BD /* Pods-My S2 Game.debug.xcconfig */,
				F6527C6FD5E7EA50FA04C5D4 /* Pods-My S2 Game.release.xcconfig */,
				0B942112F7D60DE9C87C9CE5 /* Pods-My S2 GameTests.debug.xcconfig */,
				80A31B6C30BCB62A310132E6 /* Pods-My S2 GameTests.release.xcconfig */,
				25A7FA45160F9A8DE4E388EE /* Pods-My S2 GameUITests.debug.xcconfig */,
				55AC52571704FAE623A9D932 /* Pods-My S2 GameUITests.release.xcconfig */,
			);
			name = Pods;
			sourceTree = "<group>";
		};
		5B07F6221FAF74EC00C5DABC = {
			isa = PBXGroup;
			children = (
				5B07F62D1FAF74EC00C5DABC /* My S2 Game */,
				5B07F6451FAF74EC00C5DABC /* My S2 GameTests */,
				5B07F6501FAF74EC00C5DABC /* My S2 GameUITests */,
				5B07F62C1FAF74EC00C5DABC /* Products */,
				2EC29E7253F124C2C5AD511F /* Pods */,
				FE52167C0C2771E8A762CC91 /* Frameworks */,
			);
			sourceTree = "<group>";
		};
		5B07F62C1FAF74EC00C5DABC /* Products */ = {
			isa = PBXGroup;
			children = (
				5B07F62B1FAF74EC00C5DABC /* My S2 Game.app */,
				5B07F6421FAF74EC00C5DABC /* My S2 GameTests.xctest */,
				5B07F64D1FAF74EC00C5DABC /* My S2 GameUITests.xctest */,
			);
			name = Products;
			sourceTree = "<group>";
		};
		5B07F62D1FAF74EC00C5DABC /* My S2 Game */ = {
			isa = PBXGroup;
			children = (
				5B07F62E1FAF74EC00C5DABC /* AppDelegate.swift */,
				5B07F6301FAF74EC00C5DABC /* ViewController.swift */,
				5B07F6321FAF74EC00C5DABC /* Main.storyboard */,
				5B07F6381FAF74EC00C5DABC /* Assets.xcassets */,
				5B07F63A1FAF74EC00C5DABC /* LaunchScreen.storyboard */,
				5B07F63D1FAF74EC00C5DABC /* Info.plist */,
				5B07F6351FAF74EC00C5DABC /* My_S2_Game.xcdatamodeld */,
			);
			path = "My S2 Game";
			sourceTree = "<group>";
		};
		5B07F6451FAF74EC00C5DABC /* My S2 GameTests */ = {
			isa = PBXGroup;
			children = (
				5B07F6461FAF74EC00C5DABC /* My_S2_GameTests.swift */,
				5B07F6481FAF74EC00C5DABC /* Info.plist */,
			);
			path = "My S2 GameTests";
			sourceTree = "<group>";
		};
		5B07F6501FAF74EC00C5DABC /* My S2 GameUITests */ = {
			isa = PBXGroup;
			children = (
				5B07F6511FAF74EC00C5DABC /* My_S2_GameUITests.swift */,
				5B07F6531FAF74EC00C5DABC /* Info.plist */,
			);
			path = "My S2 GameUITests";
			sourceTree = "<group>";
		};
		FE52167C0C2771E8A762CC91 /* Frameworks */ = {
			isa = PBXGroup;
			children = (
				87618D899B6A33B4B8B70BD9 /* Pods_My_S2_Game.framework */,
				C4E227B22F94172BE5326D4C /* Pods_My_S2_GameTests.framework */,
				A8F5EAE8A8606BDCEA09D4DE /* Pods_My_S2_GameUITests.framework */,
			);
			name = Frameworks;
			sourceTree = "<group>";
		};
/* End PBXGroup section */

/* Begin PBXNativeTarget section */
		5B07F62A1FAF74EC00C5DABC /* My S2 Game */ = {
			isa = PBXNativeTarget;
			buildConfigurationList = 5B07F6561FAF74EC00C5DABC /* Build configuration list for PBXNativeTarget "My S2 Game" */;
			buildPhases = (
				FD55BE7EC6DBE45063E80E91 /* [CP] Check Pods Manifest.lock */,
				5B07F6271FAF74EC00C5DABC /* Sources */,
				5B07F6281FAF74EC00C5DABC /* Frameworks */,
				5B07F6291FAF74EC00C5DABC /* Resources */,
				66C60186D8758CE78DE940D8 /* [CP] Embed Pods Frameworks */,
				A3668DE305902F0B693C3A49 /* [CP] Copy Pods Resources */,
			);
			buildRules = (
			);
			dependencies = (
			);
			name = "My S2 Game";
			productName = "My S2 Game";
			productReference = 5B07F62B1FAF74EC00C5DABC /* My S2 Game.app */;
			productType = "com.apple.product-type.application";
		};
		5B07F6411FAF74EC00C5DABC /* My S2 GameTests */ = {
			isa = PBXNativeTarget;
			buildConfigurationList = 5B07F6591FAF74EC00C5DABC /* Build configuration list for PBXNativeTarget "My S2 GameTests" */;
			buildPhases = (
				59FDAE6705C42D4A4B3E7DD1 /* [CP] Check Pods Manifest.lock */,
				5B07F63E1FAF74EC00C5DABC /* Sources */,
				5B07F63F1FAF74EC00C5DABC /* Frameworks */,
				5B07F6401FAF74EC00C5DABC /* Resources */,
				E9F947267CE211BAB66ED461 /* [CP] Embed Pods Frameworks */,
				0CB79F2199DE75C8244C9822 /* [CP] Copy Pods Resources */,
			);
			buildRules = (
			);
			dependencies = (
				5B07F6441FAF74EC00C5DABC /* PBXTargetDependency */,
			);
			name = "My S2 GameTests";
			productName = "My S2 GameTests";
			productReference = 5B07F6421FAF74EC00C5DABC /* My S2 GameTests.xctest */;
			productType = "com.apple.product-type.bundle.unit-test";
		};
		5B07F64C1FAF74EC00C5DABC /* My S2 GameUITests */ = {
			isa = PBXNativeTarget;
			buildConfigurationList = 5B07F65C1FAF74EC00C5DABC /* Build configuration list for PBXNativeTarget "My S2 GameUITests" */;
			buildPhases = (
				6C9C3298A8E527667AAC745D /* [CP] Check Pods Manifest.lock */,
				5B07F6491FAF74EC00C5DABC /* Sources */,
				5B07F64A1FAF74EC00C5DABC /* Frameworks */,
				5B07F64B1FAF74EC00C5DABC /* Resources */,
				CF09DF565AC6CA0DA65504AA /* [CP] Embed Pods Frameworks */,
				20E31BDBF4CF3B06E2800C1A /* [CP] Copy Pods Resources */,
			);
			buildRules = (
			);
			dependencies = (
				5B07F64F1FAF74EC00C5DABC /* PBXTargetDependency */,
			);
			name = "My S2 GameUITests";
			productName = "My S2 GameUITests";
			productReference = 5B07F64D1FAF74EC00C5DABC /* My S2 GameUITests.xctest */;
			productType = "com.apple.product-type.bundle.ui-testing";
		};
/* End PBXNativeTarget section */

/* Begin PBXProject section */
		5B07F6231FAF74EC00C5DABC /* Project object */ = {
			isa = PBXProject;
			attributes = {
				LastSwiftUpdateCheck = 0830;
				LastUpgradeCheck = 0830;
				ORGANIZATIONNAME = "Rodrigo Miyashiro";
				TargetAttributes = {
					5B07F62A1FAF74EC00C5DABC = {
						CreatedOnToolsVersion = 8.3.3;
						DevelopmentTeam = 4DRM7LH39Z;
						ProvisioningStyle = Automatic;
					};
					5B07F6411FAF74EC00C5DABC = {
						CreatedOnToolsVersion = 8.3.3;
						DevelopmentTeam = 4DRM7LH39Z;
						ProvisioningStyle = Automatic;
						TestTargetID = 5B07F62A1FAF74EC00C5DABC;
					};
					5B07F64C1FAF74EC00C5DABC = {
						CreatedOnToolsVersion = 8.3.3;
						DevelopmentTeam = 4DRM7LH39Z;
						ProvisioningStyle = Automatic;
						TestTargetID = 5B07F62A1FAF74EC00C5DABC;
					};
				};
			};
			buildConfigurationList = 5B07F6261FAF74EC00C5DABC /* Build configuration list for PBXProject "My S2 Game" */;
			compatibilityVersion = "Xcode 3.2";
			developmentRegion = English;
			hasScannedForEncodings = 0;
			knownRegions = (
				en,
				Base,
			);
			mainGroup = 5B07F6221FAF74EC00C5DABC;
			productRefGroup = 5B07F62C1FAF74EC00C5DABC /* Products */;
			projectDirPath = "";
			projectRoot = "";
			targets = (
				5B07F62A1FAF74EC00C5DABC /* My S2 Game */,
				5B07F6411FAF74EC00C5DABC /* My S2 GameTests */,
				5B07F64C1FAF74EC00C5DABC /* My S2 GameUITests */,
			);
		};
/* End PBXProject section */

/* Begin PBXResourcesBuildPhase section */
		5B07F6291FAF74EC00C5DABC /* Resources */ = {
			isa = PBXResourcesBuildPhase;
			buildActionMask = 2147483647;
			files = (
				5B07F63C1FAF74EC00C5DABC /* LaunchScreen.storyboard in Resources */,
				5B07F6391FAF74EC00C5DABC /* Assets.xcassets in Resources */,
				5B07F6341FAF74EC00C5DABC /* Main.storyboard in Resources */,
			);
			runOnlyForDeploymentPostprocessing = 0;
		};
		5B07F6401FAF74EC00C5DABC /* Resources */ = {
			isa = PBXResourcesBuildPhase;
			buildActionMask = 2147483647;
			files = (
			);
			runOnlyForDeploymentPostprocessing = 0;
		};
		5B07F64B1FAF74EC00C5DABC /* Resources */ = {
			isa = PBXResourcesBuildPhase;
			buildActionMask = 2147483647;
			files = (
			);
			runOnlyForDeploymentPostprocessing = 0;
		};
/* End PBXResourcesBuildPhase section */

/* Begin PBXShellScriptBuildPhase section */
		0CB79F2199DE75C8244C9822 /* [CP] Copy Pods Resources */ = {
			isa = PBXShellScriptBuildPhase;
			buildActionMask = 2147483647;
			files = (
			);
			inputPaths = (
			);
			name = "[CP] Copy Pods Resources";
			outputPaths = (
			);
			runOnlyForDeploymentPostprocessing = 0;
			shellPath = /bin/sh;
			shellScript = "\"${SRCROOT}/Pods/Target Support Files/Pods-My S2 GameTests/Pods-My S2 GameTests-resources.sh\"\n";
			showEnvVarsInLog = 0;
		};
		20E31BDBF4CF3B06E2800C1A /* [CP] Copy Pods Resources */ = {
			isa = PBXShellScriptBuildPhase;
			buildActionMask = 2147483647;
			files = (
			);
			inputPaths = (
			);
			name = "[CP] Copy Pods Resources";
			outputPaths = (
			);
			runOnlyForDeploymentPostprocessing = 0;
			shellPath = /bin/sh;
			shellScript = "\"${SRCROOT}/Pods/Target Support Files/Pods-My S2 GameUITests/Pods-My S2 GameUITests-resources.sh\"\n";
			showEnvVarsInLog = 0;
		};
		59FDAE6705C42D4A4B3E7DD1 /* [CP] Check Pods Manifest.lock */ = {
			isa = PBXShellScriptBuildPhase;
			buildActionMask = 2147483647;
			files = (
			);
			inputPaths = (
				"${PODS_PODFILE_DIR_PATH}/Podfile.lock",
				"${PODS_ROOT}/Manifest.lock",
			);
			name = "[CP] Check Pods Manifest.lock";
			outputPaths = (
				"$(DERIVED_FILE_DIR)/Pods-My S2 GameTests-checkManifestLockResult.txt",
			);
			runOnlyForDeploymentPostprocessing = 0;
			shellPath = /bin/sh;
			shellScript = "diff \"${PODS_PODFILE_DIR_PATH}/Podfile.lock\" \"${PODS_ROOT}/Manifest.lock\" > /dev/null\nif [ $? != 0 ] ; then\n    # print error to STDERR\n    echo \"error: The sandbox is not in sync with the Podfile.lock. Run 'pod install' or update your CocoaPods installation.\" >&2\n    exit 1\nfi\n# This output is used by Xcode 'outputs' to avoid re-running this script phase.\necho \"SUCCESS\" > \"${SCRIPT_OUTPUT_FILE_0}\"\n";
			showEnvVarsInLog = 0;
		};
		66C60186D8758CE78DE940D8 /* [CP] Embed Pods Frameworks */ = {
			isa = PBXShellScriptBuildPhase;
			buildActionMask = 2147483647;
			files = (
			);
			inputPaths = (
				"${SRCROOT}/Pods/Target Support Files/Pods-My S2 Game/Pods-My S2 Game-frameworks.sh",
				"${BUILT_PRODUCTS_DIR}/Alamofire/Alamofire.framework",
				"${BUILT_PRODUCTS_DIR}/SwiftyJSON/SwiftyJSON.framework",
				"${BUILT_PRODUCTS_DIR}/UIScrollView-InfiniteScroll/UIScrollView_InfiniteScroll.framework",
			);
			name = "[CP] Embed Pods Frameworks";
			outputPaths = (
				"${TARGET_BUILD_DIR}/${FRAMEWORKS_FOLDER_PATH}/Alamofire.framework",
				"${TARGET_BUILD_DIR}/${FRAMEWORKS_FOLDER_PATH}/SwiftyJSON.framework",
				"${TARGET_BUILD_DIR}/${FRAMEWORKS_FOLDER_PATH}/UIScrollView_InfiniteScroll.framework",
			);
			runOnlyForDeploymentPostprocessing = 0;
			shellPath = /bin/sh;
			shellScript = "\"${SRCROOT}/Pods/Target Support Files/Pods-My S2 Game/Pods-My S2 Game-frameworks.sh\"\n";
			showEnvVarsInLog = 0;
		};
		6C9C3298A8E527667AAC745D /* [CP] Check Pods Manifest.lock */ = {
			isa = PBXShellScriptBuildPhase;
			buildActionMask = 2147483647;
			files = (
			);
			inputPaths = (
				"${PODS_PODFILE_DIR_PATH}/Podfile.lock",
				"${PODS_ROOT}/Manifest.lock",
			);
			name = "[CP] Check Pods Manifest.lock";
			outputPaths = (
				"$(DERIVED_FILE_DIR)/Pods-My S2 GameUITests-checkManifestLockResult.txt",
			);
			runOnlyForDeploymentPostprocessing = 0;
			shellPath = /bin/sh;
			shellScript = "diff \"${PODS_PODFILE_DIR_PATH}/Podfile.lock\" \"${PODS_ROOT}/Manifest.lock\" > /dev/null\nif [ $? != 0 ] ; then\n    # print error to STDERR\n    echo \"error: The sandbox is not in sync with the Podfile.lock. Run 'pod install' or update your CocoaPods installation.\" >&2\n    exit 1\nfi\n# This output is used by Xcode 'outputs' to avoid re-running this script phase.\necho \"SUCCESS\" > \"${SCRIPT_OUTPUT_FILE_0}\"\n";
			showEnvVarsInLog = 0;
		};
		A3668DE305902F0B693C3A49 /* [CP] Copy Pods Resources */ = {
			isa = PBXShellScriptBuildPhase;
			buildActionMask = 2147483647;
			files = (
			);
			inputPaths = (
			);
			name = "[CP] Copy Pods Resources";
			outputPaths = (
			);
			runOnlyForDeploymentPostprocessing = 0;
			shellPath = /bin/sh;
			shellScript = "\"${SRCROOT}/Pods/Target Support Files/Pods-My S2 Game/Pods-My S2 Game-resources.sh\"\n";
			showEnvVarsInLog = 0;
		};
		CF09DF565AC6CA0DA65504AA /* [CP] Embed Pods Frameworks */ = {
			isa = PBXShellScriptBuildPhase;
			buildActionMask = 2147483647;
			files = (
			);
			inputPaths = (
			);
			name = "[CP] Embed Pods Frameworks";
			outputPaths = (
			);
			runOnlyForDeploymentPostprocessing = 0;
			shellPath = /bin/sh;
			shellScript = "\"${SRCROOT}/Pods/Target Support Files/Pods-My S2 GameUITests/Pods-My S2 GameUITests-frameworks.sh\"\n";
			showEnvVarsInLog = 0;
		};
		E9F947267CE211BAB66ED461 /* [CP] Embed Pods Frameworks */ = {
			isa = PBXShellScriptBuildPhase;
			buildActionMask = 2147483647;
			files = (
			);
			inputPaths = (
			);
			name = "[CP] Embed Pods Frameworks";
			outputPaths = (
			);
			runOnlyForDeploymentPostprocessing = 0;
			shellPath = /bin/sh;
			shellScript = "\"${SRCROOT}/Pods/Target Support Files/Pods-My S2 GameTests/Pods-My S2 GameTests-frameworks.sh\"\n";
			showEnvVarsInLog = 0;
		};
		FD55BE7EC6DBE45063E80E91 /* [CP] Check Pods Manifest.lock */ = {
			isa = PBXShellScriptBuildPhase;
			buildActionMask = 2147483647;
			files = (
			);
			inputPaths = (
				"${PODS_PODFILE_DIR_PATH}/Podfile.lock",
				"${PODS_ROOT}/Manifest.lock",
			);
			name = "[CP] Check Pods Manifest.lock";
			outputPaths = (
				"$(DERIVED_FILE_DIR)/Pods-My S2 Game-checkManifestLockResult.txt",
			);
			runOnlyForDeploymentPostprocessing = 0;
			shellPath = /bin/sh;
			shellScript = "diff \"${PODS_PODFILE_DIR_PATH}/Podfile.lock\" \"${PODS_ROOT}/Manifest.lock\" > /dev/null\nif [ $? != 0 ] ; then\n    # print error to STDERR\n    echo \"error: The sandbox is not in sync with the Podfile.lock. Run 'pod install' or update your CocoaPods installation.\" >&2\n    exit 1\nfi\n# This output is used by Xcode 'outputs' to avoid re-running this script phase.\necho \"SUCCESS\" > \"${SCRIPT_OUTPUT_FILE_0}\"\n";
			showEnvVarsInLog = 0;
		};
/* End PBXShellScriptBuildPhase section */

/* Begin PBXSourcesBuildPhase section */
		5B07F6271FAF74EC00C5DABC /* Sources */ = {
			isa = PBXSourcesBuildPhase;
			buildActionMask = 2147483647;
			files = (
				5B07F6371FAF74EC00C5DABC /* My_S2_Game.xcdatamodeld in Sources */,
				5B07F6311FAF74EC00C5DABC /* ViewController.swift in Sources */,
				5B07F62F1FAF74EC00C5DABC /* AppDelegate.swift in Sources */,
			);
			runOnlyForDeploymentPostprocessing = 0;
		};
		5B07F63E1FAF74EC00C5DABC /* Sources */ = {
			isa = PBXSourcesBuildPhase;
			buildActionMask = 2147483647;
			files = (
				5B07F6471FAF74EC00C5DABC /* My_S2_GameTests.swift in Sources */,
			);
			runOnlyForDeploymentPostprocessing = 0;
		};
		5B07F6491FAF74EC00C5DABC /* Sources */ = {
			isa = PBXSourcesBuildPhase;
			buildActionMask = 2147483647;
			files = (
				5B07F6521FAF74EC00C5DABC /* My_S2_GameUITests.swift in Sources */,
			);
			runOnlyForDeploymentPostprocessing = 0;
		};
/* End PBXSourcesBuildPhase section */

/* Begin PBXTargetDependency section */
		5B07F6441FAF74EC00C5DABC /* PBXTargetDependency */ = {
			isa = PBXTargetDependency;
			target = 5B07F62A1FAF74EC00C5DABC /* My S2 Game */;
			targetProxy = 5B07F6431FAF74EC00C5DABC /* PBXContainerItemProxy */;
		};
		5B07F64F1FAF74EC00C5DABC /* PBXTargetDependency */ = {
			isa = PBXTargetDependency;
			target = 5B07F62A1FAF74EC00C5DABC /* My S2 Game */;
			targetProxy = 5B07F64E1FAF74EC00C5DABC /* PBXContainerItemProxy */;
		};
/* End PBXTargetDependency section */

/* Begin PBXVariantGroup section */
		5B07F6321FAF74EC00C5DABC /* Main.storyboard */ = {
			isa = PBXVariantGroup;
			children = (
				5B07F6331FAF74EC00C5DABC /* Base */,
			);
			name = Main.storyboard;
			sourceTree = "<group>";
		};
		5B07F63A1FAF74EC00C5DABC /* LaunchScreen.storyboard */ = {
			isa = PBXVariantGroup;
			children = (
				5B07F63B1FAF74EC00C5DABC /* Base */,
			);
			name = LaunchScreen.storyboard;
			sourceTree = "<group>";
		};
/* End PBXVariantGroup section */

/* Begin XCBuildConfiguration section */
		5B07F6541FAF74EC00C5DABC /* Debug */ = {
			isa = XCBuildConfiguration;
			buildSettings = {
				ALWAYS_SEARCH_USER_PATHS = NO;
				CLANG_ANALYZER_NONNULL = YES;
				CLANG_ANALYZER_NUMBER_OBJECT_CONVERSION = YES_AGGRESSIVE;
				CLANG_CXX_LANGUAGE_STANDARD = "gnu++0x";
				CLANG_CXX_LIBRARY = "libc++";
				CLANG_ENABLE_MODULES = YES;
				CLANG_ENABLE_OBJC_ARC = YES;
				CLANG_WARN_BOOL_CONVERSION = YES;
				CLANG_WARN_CONSTANT_CONVERSION = YES;
				CLANG_WARN_DIRECT_OBJC_ISA_USAGE = YES_ERROR;
				CLANG_WARN_DOCUMENTATION_COMMENTS = YES;
				CLANG_WARN_EMPTY_BODY = YES;
				CLANG_WARN_ENUM_CONVERSION = YES;
				CLANG_WARN_INFINITE_RECURSION = YES;
				CLANG_WARN_INT_CONVERSION = YES;
				CLANG_WARN_OBJC_ROOT_CLASS = YES_ERROR;
				CLANG_WARN_SUSPICIOUS_MOVE = YES;
				CLANG_WARN_UNREACHABLE_CODE = YES;
				CLANG_WARN__DUPLICATE_METHOD_MATCH = YES;
				"CODE_SIGN_IDENTITY[sdk=iphoneos*]" = "iPhone Developer";
				COPY_PHASE_STRIP = NO;
				DEBUG_INFORMATION_FORMAT = dwarf;
				ENABLE_STRICT_OBJC_MSGSEND = YES;
				ENABLE_TESTABILITY = YES;
				GCC_C_LANGUAGE_STANDARD = gnu99;
				GCC_DYNAMIC_NO_PIC = NO;
				GCC_NO_COMMON_BLOCKS = YES;
				GCC_OPTIMIZATION_LEVEL = 0;
				GCC_PREPROCESSOR_DEFINITIONS = (
					"DEBUG=1",
					"$(inherited)",
				);
				GCC_WARN_64_TO_32_BIT_CONVERSION = YES;
				GCC_WARN_ABOUT_RETURN_TYPE = YES_ERROR;
				GCC_WARN_UNDECLARED_SELECTOR = YES;
				GCC_WARN_UNINITIALIZED_AUTOS = YES_AGGRESSIVE;
				GCC_WARN_UNUSED_FUNCTION = YES;
				GCC_WARN_UNUSED_VARIABLE = YES;
				IPHONEOS_DEPLOYMENT_TARGET = 10.3;
				MTL_ENABLE_DEBUG_INFO = YES;
				ONLY_ACTIVE_ARCH = YES;
				SDKROOT = iphoneos;
				SWIFT_ACTIVE_COMPILATION_CONDITIONS = DEBUG;
				SWIFT_OPTIMIZATION_LEVEL = "-Onone";
			};
			name = Debug;
		};
		5B07F6551FAF74EC00C5DABC /* Release */ = {
			isa = XCBuildConfiguration;
			buildSettings = {
				ALWAYS_SEARCH_USER_PATHS = NO;
				CLANG_ANALYZER_NONNULL = YES;
				CLANG_ANALYZER_NUMBER_OBJECT_CONVERSION = YES_AGGRESSIVE;
				CLANG_CXX_LANGUAGE_STANDARD = "gnu++0x";
				CLANG_CXX_LIBRARY = "libc++";
				CLANG_ENABLE_MODULES = YES;
				CLANG_ENABLE_OBJC_ARC = YES;
				CLANG_WARN_BOOL_CONVERSION = YES;
				CLANG_WARN_CONSTANT_CONVERSION = YES;
				CLANG_WARN_DIRECT_OBJC_ISA_USAGE = YES_ERROR;
				CLANG_WARN_DOCUMENTATION_COMMENTS = YES;
				CLANG_WARN_EMPTY_BODY = YES;
				CLANG_WARN_ENUM_CONVERSION = YES;
				CLANG_WARN_INFINITE_RECURSION = YES;
				CLANG_WARN_INT_CONVERSION = YES;
				CLANG_WARN_OBJC_ROOT_CLASS = YES_ERROR;
				CLANG_WARN_SUSPICIOUS_MOVE = YES;
				CLANG_WARN_UNREACHABLE_CODE = YES;
				CLANG_WARN__DUPLICATE_METHOD_MATCH = YES;
				"CODE_SIGN_IDENTITY[sdk=iphoneos*]" = "iPhone Developer";
				COPY_PHASE_STRIP = NO;
				DEBUG_INFORMATION_FORMAT = "dwarf-with-dsym";
				ENABLE_NS_ASSERTIONS = NO;
				ENABLE_STRICT_OBJC_MSGSEND = YES;
				GCC_C_LANGUAGE_STANDARD = gnu99;
				GCC_NO_COMMON_BLOCKS = YES;
				GCC_WARN_64_TO_32_BIT_CONVERSION = YES;
				GCC_WARN_ABOUT_RETURN_TYPE = YES_ERROR;
				GCC_WARN_UNDECLARED_SELECTOR = YES;
				GCC_WARN_UNINITIALIZED_AUTOS = YES_AGGRESSIVE;
				GCC_WARN_UNUSED_FUNCTION = YES;
				GCC_WARN_UNUSED_VARIABLE = YES;
				IPHONEOS_DEPLOYMENT_TARGET = 10.3;
				MTL_ENABLE_DEBUG_INFO = NO;
				SDKROOT = iphoneos;
				SWIFT_OPTIMIZATION_LEVEL = "-Owholemodule";
				VALIDATE_PRODUCT = YES;
			};
			name = Release;
		};
		5B07F6571FAF74EC00C5DABC /* Debug */ = {
			isa = XCBuildConfiguration;
			baseConfigurationReference = C065F1D8556D95CDA6E638BD /* Pods-My S2 Game.debug.xcconfig */;
			buildSettings = {
				ASSETCATALOG_COMPILER_APPICON_NAME = AppIcon;
				DEVELOPMENT_TEAM = 4DRM7LH39Z;
				INFOPLIST_FILE = "My S2 Game/Info.plist";
				LD_RUNPATH_SEARCH_PATHS = "$(inherited) @executable_path/Frameworks";
				PRODUCT_BUNDLE_IDENTIFIER = "com.rmiyashiro.My-S2-Game";
				PRODUCT_NAME = "$(TARGET_NAME)";
				SWIFT_VERSION = 3.0;
				TARGETED_DEVICE_FAMILY = "1,2";
			};
			name = Debug;
		};
		5B07F6581FAF74EC00C5DABC /* Release */ = {
			isa = XCBuildConfiguration;
			baseConfigurationReference = F6527C6FD5E7EA50FA04C5D4 /* Pods-My S2 Game.release.xcconfig */;
			buildSettings = {
				ASSETCATALOG_COMPILER_APPICON_NAME = AppIcon;
				DEVELOPMENT_TEAM = 4DRM7LH39Z;
				INFOPLIST_FILE = "My S2 Game/Info.plist";
				LD_RUNPATH_SEARCH_PATHS = "$(inherited) @executable_path/Frameworks";
				PRODUCT_BUNDLE_IDENTIFIER = "com.rmiyashiro.My-S2-Game";
				PRODUCT_NAME = "$(TARGET_NAME)";
				SWIFT_VERSION = 3.0;
				TARGETED_DEVICE_FAMILY = "1,2";
			};
			name = Release;
		};
		5B07F65A1FAF74EC00C5DABC /* Debug */ = {
			isa = XCBuildConfiguration;
			baseConfigurationReference = 0B942112F7D60DE9C87C9CE5 /* Pods-My S2 GameTests.debug.xcconfig */;
			buildSettings = {
				ALWAYS_EMBED_SWIFT_STANDARD_LIBRARIES = YES;
				BUNDLE_LOADER = "$(TEST_HOST)";
				DEVELOPMENT_TEAM = 4DRM7LH39Z;
				INFOPLIST_FILE = "My S2 GameTests/Info.plist";
				LD_RUNPATH_SEARCH_PATHS = "$(inherited) @executable_path/Frameworks @loader_path/Frameworks";
				PRODUCT_BUNDLE_IDENTIFIER = "com.rmiyashiro.My-S2-GameTests";
				PRODUCT_NAME = "$(TARGET_NAME)";
				SWIFT_VERSION = 3.0;
				TEST_HOST = "$(BUILT_PRODUCTS_DIR)/My S2 Game.app/My S2 Game";
			};
			name = Debug;
		};
		5B07F65B1FAF74EC00C5DABC /* Release */ = {
			isa = XCBuildConfiguration;
			baseConfigurationReference = 80A31B6C30BCB62A310132E6 /* Pods-My S2 GameTests.release.xcconfig */;
			buildSettings = {
				ALWAYS_EMBED_SWIFT_STANDARD_LIBRARIES = YES;
				BUNDLE_LOADER = "$(TEST_HOST)";
				DEVELOPMENT_TEAM = 4DRM7LH39Z;
				INFOPLIST_FILE = "My S2 GameTests/Info.plist";
				LD_RUNPATH_SEARCH_PATHS = "$(inherited) @executable_path/Frameworks @loader_path/Frameworks";
				PRODUCT_BUNDLE_IDENTIFIER = "com.rmiyashiro.My-S2-GameTests";
				PRODUCT_NAME = "$(TARGET_NAME)";
				SWIFT_VERSION = 3.0;
				TEST_HOST = "$(BUILT_PRODUCTS_DIR)/My S2 Game.app/My S2 Game";
			};
			name = Release;
		};
		5B07F65D1FAF74EC00C5DABC /* Debug */ = {
			isa = XCBuildConfiguration;
			baseConfigurationReference = 25A7FA45160F9A8DE4E388EE /* Pods-My S2 GameUITests.debug.xcconfig */;
			buildSettings = {
				ALWAYS_EMBED_SWIFT_STANDARD_LIBRARIES = YES;
				DEVELOPMENT_TEAM = 4DRM7LH39Z;
				INFOPLIST_FILE = "My S2 GameUITests/Info.plist";
				LD_RUNPATH_SEARCH_PATHS = "$(inherited) @executable_path/Frameworks @loader_path/Frameworks";
				PRODUCT_BUNDLE_IDENTIFIER = "com.rmiyashiro.My-S2-GameUITests";
				PRODUCT_NAME = "$(TARGET_NAME)";
				SWIFT_VERSION = 3.0;
				TEST_TARGET_NAME = "My S2 Game";
			};
			name = Debug;
		};
		5B07F65E1FAF74EC00C5DABC /* Release */ = {
			isa = XCBuildConfiguration;
			baseConfigurationReference = 55AC52571704FAE623A9D932 /* Pods-My S2 GameUITests.release.xcconfig */;
			buildSettings = {
				ALWAYS_EMBED_SWIFT_STANDARD_LIBRARIES = YES;
				DEVELOPMENT_TEAM = 4DRM7LH39Z;
				INFOPLIST_FILE = "My S2 GameUITests/Info.plist";
				LD_RUNPATH_SEARCH_PATHS = "$(inherited) @executable_path/Frameworks @loader_path/Frameworks";
				PRODUCT_BUNDLE_IDENTIFIER = "com.rmiyashiro.My-S2-GameUITests";
				PRODUCT_NAME = "$(TARGET_NAME)";
				SWIFT_VERSION = 3.0;
				TEST_TARGET_NAME = "My S2 Game";
			};
			name = Release;
		};
/* End XCBuildConfiguration section */

/* Begin XCConfigurationList section */
		5B07F6261FAF74EC00C5DABC /* Build configuration list for PBXProject "My S2 Game" */ = {
			isa = XCConfigurationList;
			buildConfigurations = (
				5B07F6541FAF74EC00C5DABC /* Debug */,
				5B07F6551FAF74EC00C5DABC /* Release */,
			);
			defaultConfigurationIsVisible = 0;
			defaultConfigurationName = Release;
		};
		5B07F6561FAF74EC00C5DABC /* Build configuration list for PBXNativeTarget "My S2 Game" */ = {
			isa = XCConfigurationList;
			buildConfigurations = (
				5B07F6571FAF74EC00C5DABC /* Debug */,
				5B07F6581FAF74EC00C5DABC /* Release */,
			);
			defaultConfigurationIsVisible = 0;
			defaultConfigurationName = Release;
		};
		5B07F6591FAF74EC00C5DABC /* Build configuration list for PBXNativeTarget "My S2 GameTests" */ = {
			isa = XCConfigurationList;
			buildConfigurations = (
				5B07F65A1FAF74EC00C5DABC /* Debug */,
				5B07F65B1FAF74EC00C5DABC /* Release */,
			);
			defaultConfigurationIsVisible = 0;
			defaultConfigurationName = Release;
		};
		5B07F65C1FAF74EC00C5DABC /* Build configuration list for PBXNativeTarget "My S2 GameUITests" */ = {
			isa = XCConfigurationList;
			buildConfigurations = (
				5B07F65D1FAF74EC00C5DABC /* Debug */,
				5B07F65E1FAF74EC00C5DABC /* Release */,
			);
			defaultConfigurationIsVisible = 0;
			defaultConfigurationName = Release;
		};
/* End XCConfigurationList section */

/* Begin XCVersionGroup section */
		5B07F6351FAF74EC00C5DABC /* My_S2_Game.xcdatamodeld */ = {
			isa = XCVersionGroup;
			children = (
				5B07F6361FAF74EC00C5DABC /* My_S2_Game.xcdatamodel */,
			);
			currentVersion = 5B07F6361FAF74EC00C5DABC /* My_S2_Game.xcdatamodel */;
			path = My_S2_Game.xcdatamodeld;
			sourceTree = "<group>";
			versionGroupType = wrapper.xcdatamodel;
		};
/* End XCVersionGroup section */
	};
	rootObject = 5B07F6231FAF74EC00C5DABC /* Project object */;
}
